
Microsoft Visual Studio Solution File, Format Version 12.00
# Visual Studio 2012
Project("{FAE04EC0-301F-11D3-BF4B-00C04F79EFBC}") = "Valkyrie_Game", "Valkyrie_Game.csproj", "{0480227A-82D3-416D-B97A-5B45699E053B}"
EndProject
Global
	GlobalSection(SolutionConfigurationPlatforms) = preSolution
		Debug|Any CPU = Debug|Any CPU
		Release|Any CPU = Release|Any CPU
	EndGlobalSection
	GlobalSection(ProjectConfigurationPlatforms) = postSolution
		{0480227A-82D3-416D-B97A-5B45699E053B}.Debug|Any CPU.ActiveCfg = Debug|Any CPU
		{0480227A-82D3-416D-B97A-5B45699E053B}.Debug|Any CPU.Build.0 = Debug|Any CPU
		{0480227A-82D3-416D-B97A-5B45699E053B}.Release|Any CPU.ActiveCfg = Release|Any CPU
		{0480227A-82D3-416D-B97A-5B45699E053B}.Release|Any CPU.Build.0 = Release|Any CPU
	EndGlobalSection
EndGlobal
